// !$*UTF8*$!
{
	archiveVersion = 1;
	classes = {
	};
	objectVersion = 77;
	objects = {

/* Begin PBXContainerItemProxy section */
		0064EA712D44290F007B71FC /* PBXContainerItemProxy */ = {
			isa = PBXContainerItemProxy;
			containerPortal = 0064EA522D44290D007B71FC /* Project object */;
			proxyType = 1;
			remoteGlobalIDString = 0064EA592D44290D007B71FC;
			remoteInfo = CICD;
		};
		0064EA7B2D44290F007B71FC /* PBXContainerItemProxy */ = {
			isa = PBXContainerItemProxy;
			containerPortal = 0064EA522D44290D007B71FC /* Project object */;
			proxyType = 1;
			remoteGlobalIDString = 0064EA592D44290D007B71FC;
			remoteInfo = CICD;
		};
/* End PBXContainerItemProxy section */

/* Begin PBXFileReference section */
		0064EA5A2D44290D007B71FC /* CICD.app */ = {isa = PBXFileReference; explicitFileType = wrapper.application; includeInIndex = 0; path = CICD.app; sourceTree = BUILT_PRODUCTS_DIR; };
		0064EA702D44290F007B71FC /* CICDTests.xctest */ = {isa = PBXFileReference; explicitFileType = wrapper.cfbundle; includeInIndex = 0; path = CICDTests.xctest; sourceTree = BUILT_PRODUCTS_DIR; };
		0064EA7A2D44290F007B71FC /* CICDUITests.xctest */ = {isa = PBXFileReference; explicitFileType = wrapper.cfbundle; includeInIndex = 0; path = CICDUITests.xctest; sourceTree = BUILT_PRODUCTS_DIR; };
/* End PBXFileReference section */

/* Begin PBXFileSystemSynchronizedBuildFileExceptionSet section */
		0064EA822D44290F007B71FC /* Exceptions for "CICD" folder in "CICD" target */ = {
			isa = PBXFileSystemSynchronizedBuildFileExceptionSet;
			membershipExceptions = (
				Info.plist,
			);
			target = 0064EA592D44290D007B71FC /* CICD */;
		};
/* End PBXFileSystemSynchronizedBuildFileExceptionSet section */

/* Begin PBXFileSystemSynchronizedRootGroup section */
		0064EA5C2D44290D007B71FC /* CICD */ = {
			isa = PBXFileSystemSynchronizedRootGroup;
			exceptions = (
				0064EA822D44290F007B71FC /* Exceptions for "CICD" folder in "CICD" target */,
			);
			path = CICD;
			sourceTree = "<group>";
		};
		0064EA732D44290F007B71FC /* CICDTests */ = {
			isa = PBXFileSystemSynchronizedRootGroup;
			path = CICDTests;
			sourceTree = "<group>";
		};
		0064EA7D2D44290F007B71FC /* CICDUITests */ = {
			isa = PBXFileSystemSynchronizedRootGroup;
			path = CICDUITests;
			sourceTree = "<group>";
		};
		0064EA902D442AA9007B71FC /* .github */ = {
			isa = PBXFileSystemSynchronizedRootGroup;
			path = .github;
			sourceTree = "<group>";
		};
		0064EA952D442BAA007B71FC /* FastLane */ = {
			isa = PBXFileSystemSynchronizedRootGroup;
			path = FastLane;
			sourceTree = "<group>";
		};
		0064EA992D442C6F007B71FC /* Gemfile */ = {
			isa = PBXFileSystemSynchronizedRootGroup;
			path = Gemfile;
			sourceTree = "<group>";
		};
/* End PBXFileSystemSynchronizedRootGroup section */

/* Begin PBXFrameworksBuildPhase section */
		0064EA572D44290D007B71FC /* Frameworks */ = {
			isa = PBXFrameworksBuildPhase;
			buildActionMask = 2147483647;
			files = (
			);
			runOnlyForDeploymentPostprocessing = 0;
		};
		0064EA6D2D44290F007B71FC /* Frameworks */ = {
			isa = PBXFrameworksBuildPhase;
			buildActionMask = 2147483647;
			files = (
			);
			runOnlyForDeploymentPostprocessing = 0;
		};
		0064EA772D44290F007B71FC /* Frameworks */ = {
			isa = PBXFrameworksBuildPhase;
			buildActionMask = 2147483647;
			files = (
			);
			runOnlyForDeploymentPostprocessing = 0;
		};
/* End PBXFrameworksBuildPhase section */

/* Begin PBXGroup section */
		0064EA512D44290D007B71FC = {
			isa = PBXGroup;
			children = (
				0064EA992D442C6F007B71FC /* Gemfile */,
				0064EA952D442BAA007B71FC /* FastLane */,
				0064EA902D442AA9007B71FC /* .github */,
				0064EA5C2D44290D007B71FC /* CICD */,
				0064EA732D44290F007B71FC /* CICDTests */,
				0064EA7D2D44290F007B71FC /* CICDUITests */,
				0064EA5B2D44290D007B71FC /* Products */,
			);
			sourceTree = "<group>";
		};
		0064EA5B2D44290D007B71FC /* Products */ = {
			isa = PBXGroup;
			children = (
				0064EA5A2D44290D007B71FC /* CICD.app */,
				0064EA702D44290F007B71FC /* CICDTests.xctest */,
				0064EA7A2D44290F007B71FC /* CICDUITests.xctest */,
			);
			name = Products;
			sourceTree = "<group>";
		};
/* End PBXGroup section */

/* Begin PBXNativeTarget section */
		0064EA592D44290D007B71FC /* CICD */ = {
			isa = PBXNativeTarget;
			buildConfigurationList = 0064EA832D44290F007B71FC /* Build configuration list for PBXNativeTarget "CICD" */;
			buildPhases = (
				0064EA562D44290D007B71FC /* Sources */,
				0064EA572D44290D007B71FC /* Frameworks */,
				0064EA582D44290D007B71FC /* Resources */,
			);
			buildRules = (
			);
			dependencies = (
			);
			fileSystemSynchronizedGroups = (
				0064EA5C2D44290D007B71FC /* CICD */,
				0064EA902D442AA9007B71FC /* .github */,
				0064EA952D442BAA007B71FC /* FastLane */,
				0064EA992D442C6F007B71FC /* Gemfile */,
			);
			name = CICD;
			packageProductDependencies = (
			);
			productName = CICD;
			productReference = 0064EA5A2D44290D007B71FC /* CICD.app */;
			productType = "com.apple.product-type.application";
		};
		0064EA6F2D44290F007B71FC /* CICDTests */ = {
			isa = PBXNativeTarget;
			buildConfigurationList = 0064EA882D44290F007B71FC /* Build configuration list for PBXNativeTarget "CICDTests" */;
			buildPhases = (
				0064EA6C2D44290F007B71FC /* Sources */,
				0064EA6D2D44290F007B71FC /* Frameworks */,
				0064EA6E2D44290F007B71FC /* Resources */,
			);
			buildRules = (
			);
			dependencies = (
				0064EA722D44290F007B71FC /* PBXTargetDependency */,
			);
			fileSystemSynchronizedGroups = (
				0064EA732D44290F007B71FC /* CICDTests */,
			);
			name = CICDTests;
			packageProductDependencies = (
			);
			productName = CICDTests;
			productReference = 0064EA702D44290F007B71FC /* CICDTests.xctest */;
			productType = "com.apple.product-type.bundle.unit-test";
		};
		0064EA792D44290F007B71FC /* CICDUITests */ = {
			isa = PBXNativeTarget;
			buildConfigurationList = 0064EA8B2D44290F007B71FC /* Build configuration list for PBXNativeTarget "CICDUITests" */;
			buildPhases = (
				0064EA762D44290F007B71FC /* Sources */,
				0064EA772D44290F007B71FC /* Frameworks */,
				0064EA782D44290F007B71FC /* Resources */,
			);
			buildRules = (
			);
			dependencies = (
				0064EA7C2D44290F007B71FC /* PBXTargetDependency */,
			);
			fileSystemSynchronizedGroups = (
				0064EA7D2D44290F007B71FC /* CICDUITests */,
			);
			name = CICDUITests;
			packageProductDependencies = (
			);
			productName = CICDUITests;
			productReference = 0064EA7A2D44290F007B71FC /* CICDUITests.xctest */;
			productType = "com.apple.product-type.bundle.ui-testing";
		};
/* End PBXNativeTarget section */

/* Begin PBXProject section */
		0064EA522D44290D007B71FC /* Project object */ = {
			isa = PBXProject;
			attributes = {
				BuildIndependentTargetsInParallel = 1;
				LastSwiftUpdateCheck = 1620;
				LastUpgradeCheck = 1620;
				TargetAttributes = {
					0064EA592D44290D007B71FC = {
						CreatedOnToolsVersion = 16.2;
					};
					0064EA6F2D44290F007B71FC = {
						CreatedOnToolsVersion = 16.2;
						TestTargetID = 0064EA592D44290D007B71FC;
					};
					0064EA792D44290F007B71FC = {
						CreatedOnToolsVersion = 16.2;
						TestTargetID = 0064EA592D44290D007B71FC;
					};
				};
			};
			buildConfigurationList = 0064EA552D44290D007B71FC /* Build configuration list for PBXProject "CICD" */;
			developmentRegion = en;
			hasScannedForEncodings = 0;
			knownRegions = (
				en,
				Base,
			);
			mainGroup = 0064EA512D44290D007B71FC;
			minimizedProjectReferenceProxies = 1;
			preferredProjectObjectVersion = 77;
			productRefGroup = 0064EA5B2D44290D007B71FC /* Products */;
			projectDirPath = "";
			projectRoot = "";
			targets = (
				0064EA592D44290D007B71FC /* CICD */,
				0064EA6F2D44290F007B71FC /* CICDTests */,
				0064EA792D44290F007B71FC /* CICDUITests */,
			);
		};
/* End PBXProject section */

/* Begin PBXResourcesBuildPhase section */
		0064EA582D44290D007B71FC /* Resources */ = {
			isa = PBXResourcesBuildPhase;
			buildActionMask = 2147483647;
			files = (
			);
			runOnlyForDeploymentPostprocessing = 0;
		};
		0064EA6E2D44290F007B71FC /* Resources */ = {
			isa = PBXResourcesBuildPhase;
			buildActionMask = 2147483647;
			files = (
			);
			runOnlyForDeploymentPostprocessing = 0;
		};
		0064EA782D44290F007B71FC /* Resources */ = {
			isa = PBXResourcesBuildPhase;
			buildActionMask = 2147483647;
			files = (
			);
			runOnlyForDeploymentPostprocessing = 0;
		};
/* End PBXResourcesBuildPhase section */

/* Begin PBXSourcesBuildPhase section */
		0064EA562D44290D007B71FC /* Sources */ = {
			isa = PBXSourcesBuildPhase;
			buildActionMask = 2147483647;
			files = (
			);
			runOnlyForDeploymentPostprocessing = 0;
		};
		0064EA6C2D44290F007B71FC /* Sources */ = {
			isa = PBXSourcesBuildPhase;
			buildActionMask = 2147483647;
			files = (
			);
			runOnlyForDeploymentPostprocessing = 0;
		};
		0064EA762D44290F007B71FC /* Sources */ = {
			isa = PBXSourcesBuildPhase;
			buildActionMask = 2147483647;
			files = (
			);
			runOnlyForDeploymentPostprocessing = 0;
		};
/* End PBXSourcesBuildPhase section */

/* Begin PBXTargetDependency section */
		0064EA722D44290F007B71FC /* PBXTargetDependency */ = {
			isa = PBXTargetDependency;
			target = 0064EA592D44290D007B71FC /* CICD */;
			targetProxy = 0064EA712D44290F007B71FC /* PBXContainerItemProxy */;
		};
		0064EA7C2D44290F007B71FC /* PBXTargetDependency */ = {
			isa = PBXTargetDependency;
			target = 0064EA592D44290D007B71FC /* CICD */;
			targetProxy = 0064EA7B2D44290F007B71FC /* PBXContainerItemProxy */;
		};
/* End PBXTargetDependency section */

/* Begin XCBuildConfiguration section */
		0064EA842D44290F007B71FC /* Debug */ = {
			isa = XCBuildConfiguration;
			buildSettings = {
				ASSETCATALOG_COMPILER_APPICON_NAME = AppIcon;
				ASSETCATALOG_COMPILER_GLOBAL_ACCENT_COLOR_NAME = AccentColor;
				CODE_SIGN_STYLE = Automatic;
				CURRENT_PROJECT_VERSION = 1;
				DEVELOPMENT_TEAM = AZ7377FV92;
				GENERATE_INFOPLIST_FILE = YES;
				INFOPLIST_FILE = CICD/Info.plist;
				INFOPLIST_KEY_UIApplicationSupportsIndirectInputEvents = YES;
				INFOPLIST_KEY_UILaunchStoryboardName = LaunchScreen;
				INFOPLIST_KEY_UIMainStoryboardFile = Main;
				INFOPLIST_KEY_UISupportedInterfaceOrientations_iPad = "UIInterfaceOrientationPortrait UIInterfaceOrientationPortraitUpsideDown UIInterfaceOrientationLandscapeLeft UIInterfaceOrientationLandscapeRight";
				INFOPLIST_KEY_UISupportedInterfaceOrientations_iPhone = "UIInterfaceOrientationPortrait UIInterfaceOrientationLandscapeLeft UIInterfaceOrientationLandscapeRight";
				LD_RUNPATH_SEARCH_PATHS = (
					"$(inherited)",
					"@executable_path/Frameworks",
				);
				MARKETING_VERSION = 1.0;
				PRODUCT_BUNDLE_IDENTIFIER = com.dharmamithra.CICD;
				PRODUCT_NAME = "$(TARGET_NAME)";
				SWIFT_EMIT_LOC_STRINGS = YES;
				SWIFT_VERSION = 5.0;
				TARGETED_DEVICE_FAMILY = "1,2";
			};
			name = Debug;
		};
		0064EA852D44290F007B71FC /* Release */ = {
			isa = XCBuildConfiguration;
			buildSettings = {
				ASSETCATALOG_COMPILER_APPICON_NAME = AppIcon;
				ASSETCATALOG_COMPILER_GLOBAL_ACCENT_COLOR_NAME = AccentColor;
				CODE_SIGN_STYLE = Automatic;
				CURRENT_PROJECT_VERSION = 1;
				DEVELOPMENT_TEAM = AZ7377FV92;
				GENERATE_INFOPLIST_FILE = YES;
				INFOPLIST_FILE = CICD/Info.plist;
				INFOPLIST_KEY_UIApplicationSupportsIndirectInputEvents = YES;
				INFOPLIST_KEY_UILaunchStoryboardName = LaunchScreen;
				INFOPLIST_KEY_UIMainStoryboardFile = Main;
				INFOPLIST_KEY_UISupportedInterfaceOrientations_iPad = "UIInterfaceOrientationPortrait UIInterfaceOrientationPortraitUpsideDown UIInterfaceOrientationLandscapeLeft UIInterfaceOrientationLandscapeRight";
				INFOPLIST_KEY_UISupportedInterfaceOrientations_iPhone = "UIInterfaceOrientationPortrait UIInterfaceOrientationLandscapeLeft UIInterfaceOrientationLandscapeRight";
				LD_RUNPATH_SEARCH_PATHS = (
					"$(inherited)",
					"@executable_path/Frameworks",
				);
				MARKETING_VERSION = 1.0;
				PRODUCT_BUNDLE_IDENTIFIER = com.dharmamithra.CICD;
				PRODUCT_NAME = "$(TARGET_NAME)";
				SWIFT_EMIT_LOC_STRINGS = YES;
				SWIFT_VERSION = 5.0;
				TARGETED_DEVICE_FAMILY = "1,2";
			};
			name = Release;
		};
		0064EA862D44290F007B71FC /* Debug */ = {
			isa = XCBuildConfiguration;
			buildSettings = {
				ALWAYS_SEARCH_USER_PATHS = NO;
				ASSETCATALOG_COMPILER_GENERATE_SWIFT_ASSET_SYMBOL_EXTENSIONS = YES;
				CLANG_ANALYZER_NONNULL = YES;
				CLANG_ANALYZER_NUMBER_OBJECT_CONVERSION = YES_AGGRESSIVE;
				CLANG_CXX_LANGUAGE_STANDARD = "gnu++20";
				CLANG_ENABLE_MODULES = YES;
				CLANG_ENABLE_OBJC_ARC = YES;
				CLANG_ENABLE_OBJC_WEAK = YES;
				CLANG_WARN_BLOCK_CAPTURE_AUTORELEASING = YES;
				CLANG_WARN_BOOL_CONVERSION = YES;
				CLANG_WARN_COMMA = YES;
				CLANG_WARN_CONSTANT_CONVERSION = YES;
				CLANG_WARN_DEPRECATED_OBJC_IMPLEMENTATIONS = YES;
				CLANG_WARN_DIRECT_OBJC_ISA_USAGE = YES_ERROR;
				CLANG_WARN_DOCUMENTATION_COMMENTS = YES;
				CLANG_WARN_EMPTY_BODY = YES;
				CLANG_WARN_ENUM_CONVERSION = YES;
				CLANG_WARN_INFINITE_RECURSION = YES;
				CLANG_WARN_INT_CONVERSION = YES;
				CLANG_WARN_NON_LITERAL_NULL_CONVERSION = YES;
				CLANG_WARN_OBJC_IMPLICIT_RETAIN_SELF = YES;
				CLANG_WARN_OBJC_LITERAL_CONVERSION = YES;
				CLANG_WARN_OBJC_ROOT_CLASS = YES_ERROR;
				CLANG_WARN_QUOTED_INCLUDE_IN_FRAMEWORK_HEADER = YES;
				CLANG_WARN_RANGE_LOOP_ANALYSIS = YES;
				CLANG_WARN_STRICT_PROTOTYPES = YES;
				CLANG_WARN_SUSPICIOUS_MOVE = YES;
				CLANG_WARN_UNGUARDED_AVAILABILITY = YES_AGGRESSIVE;
				CLANG_WARN_UNREACHABLE_CODE = YES;
				CLANG_WARN__DUPLICATE_METHOD_MATCH = YES;
				COPY_PHASE_STRIP = NO;
				DEBUG_INFORMATION_FORMAT = dwarf;
				ENABLE_STRICT_OBJC_MSGSEND = YES;
				ENABLE_TESTABILITY = YES;
				ENABLE_USER_SCRIPT_SANDBOXING = YES;
				GCC_C_LANGUAGE_STANDARD = gnu17;
				GCC_DYNAMIC_NO_PIC = NO;
				GCC_NO_COMMON_BLOCKS = YES;
				GCC_OPTIMIZATION_LEVEL = 0;
				GCC_PREPROCESSOR_DEFINITIONS = (
					"DEBUG=1",
					"$(inherited)",
				);
				GCC_WARN_64_TO_32_BIT_CONVERSION = YES;
				GCC_WARN_ABOUT_RETURN_TYPE = YES_ERROR;
				GCC_WARN_UNDECLARED_SELECTOR = YES;
				GCC_WARN_UNINITIALIZED_AUTOS = YES_AGGRESSIVE;
				GCC_WARN_UNUSED_FUNCTION = YES;
				GCC_WARN_UNUSED_VARIABLE = YES;
				IPHONEOS_DEPLOYMENT_TARGET = 18.2;
				LOCALIZATION_PREFERS_STRING_CATALOGS = YES;
				MTL_ENABLE_DEBUG_INFO = INCLUDE_SOURCE;
				MTL_FAST_MATH = YES;
				ONLY_ACTIVE_ARCH = YES;
				SDKROOT = iphoneos;
				SWIFT_ACTIVE_COMPILATION_CONDITIONS = "DEBUG $(inherited)";
				SWIFT_OPTIMIZATION_LEVEL = "-Onone";
			};
			name = Debug;
		};
		0064EA872D44290F007B71FC /* Release */ = {
			isa = XCBuildConfiguration;
			buildSettings = {
				ALWAYS_SEARCH_USER_PATHS = NO;
				ASSETCATALOG_COMPILER_GENERATE_SWIFT_ASSET_SYMBOL_EXTENSIONS = YES;
				CLANG_ANALYZER_NONNULL = YES;
				CLANG_ANALYZER_NUMBER_OBJECT_CONVERSION = YES_AGGRESSIVE;
				CLANG_CXX_LANGUAGE_STANDARD = "gnu++20";
				CLANG_ENABLE_MODULES = YES;
				CLANG_ENABLE_OBJC_ARC = YES;
				CLANG_ENABLE_OBJC_WEAK = YES;
				CLANG_WARN_BLOCK_CAPTURE_AUTORELEASING = YES;
				CLANG_WARN_BOOL_CONVERSION = YES;
				CLANG_WARN_COMMA = YES;
				CLANG_WARN_CONSTANT_CONVERSION = YES;
				CLANG_WARN_DEPRECATED_OBJC_IMPLEMENTATIONS = YES;
				CLANG_WARN_DIRECT_OBJC_ISA_USAGE = YES_ERROR;
				CLANG_WARN_DOCUMENTATION_COMMENTS = YES;
				CLANG_WARN_EMPTY_BODY = YES;
				CLANG_WARN_ENUM_CONVERSION = YES;
				CLANG_WARN_INFINITE_RECURSION = YES;
				CLANG_WARN_INT_CONVERSION = YES;
				CLANG_WARN_NON_LITERAL_NULL_CONVERSION = YES;
				CLANG_WARN_OBJC_IMPLICIT_RETAIN_SELF = YES;
				CLANG_WARN_OBJC_LITERAL_CONVERSION = YES;
				CLANG_WARN_OBJC_ROOT_CLASS = YES_ERROR;
				CLANG_WARN_QUOTED_INCLUDE_IN_FRAMEWORK_HEADER = YES;
				CLANG_WARN_RANGE_LOOP_ANALYSIS = YES;
				CLANG_WARN_STRICT_PROTOTYPES = YES;
				CLANG_WARN_SUSPICIOUS_MOVE = YES;
				CLANG_WARN_UNGUARDED_AVAILABILITY = YES_AGGRESSIVE;
				CLANG_WARN_UNREACHABLE_CODE = YES;
				CLANG_WARN__DUPLICATE_METHOD_MATCH = YES;
				COPY_PHASE_STRIP = NO;
				DEBUG_INFORMATION_FORMAT = "dwarf-with-dsym";
				ENABLE_NS_ASSERTIONS = NO;
				ENABLE_STRICT_OBJC_MSGSEND = YES;
				ENABLE_USER_SCRIPT_SANDBOXING = YES;
				GCC_C_LANGUAGE_STANDARD = gnu17;
				GCC_NO_COMMON_BLOCKS = YES;
				GCC_WARN_64_TO_32_BIT_CONVERSION = YES;
				GCC_WARN_ABOUT_RETURN_TYPE = YES_ERROR;
				GCC_WARN_UNDECLARED_SELECTOR = YES;
				GCC_WARN_UNINITIALIZED_AUTOS = YES_AGGRESSIVE;
				GCC_WARN_UNUSED_FUNCTION = YES;
				GCC_WARN_UNUSED_VARIABLE = YES;
				IPHONEOS_DEPLOYMENT_TARGET = 18.2;
				LOCALIZATION_PREFERS_STRING_CATALOGS = YES;
				MTL_ENABLE_DEBUG_INFO = NO;
				MTL_FAST_MATH = YES;
				SDKROOT = iphoneos;
				SWIFT_COMPILATION_MODE = wholemodule;
				VALIDATE_PRODUCT = YES;
			};
			name = Release;
		};
		0064EA892D44290F007B71FC /* Debug */ = {
			isa = XCBuildConfiguration;
			buildSettings = {
				BUNDLE_LOADER = "$(TEST_HOST)";
				CODE_SIGN_STYLE = Automatic;
				CURRENT_PROJECT_VERSION = 1;
				DEVELOPMENT_TEAM = AZ7377FV92;
				GENERATE_INFOPLIST_FILE = YES;
				IPHONEOS_DEPLOYMENT_TARGET = 18.2;
				MARKETING_VERSION = 1.0;
				PRODUCT_BUNDLE_IDENTIFIER = com.dharmamithra.CICDTests;
				PRODUCT_NAME = "$(TARGET_NAME)";
				SWIFT_EMIT_LOC_STRINGS = NO;
				SWIFT_VERSION = 5.0;
				TARGETED_DEVICE_FAMILY = "1,2";
				TEST_HOST = "$(BUILT_PRODUCTS_DIR)/CICD.app/$(BUNDLE_EXECUTABLE_FOLDER_PATH)/CICD";
			};
			name = Debug;
		};
		0064EA8A2D44290F007B71FC /* Release */ = {
			isa = XCBuildConfiguration;
			buildSettings = {
				BUNDLE_LOADER = "$(TEST_HOST)";
				CODE_SIGN_STYLE = Automatic;
				CURRENT_PROJECT_VERSION = 1;
				DEVELOPMENT_TEAM = AZ7377FV92;
				GENERATE_INFOPLIST_FILE = YES;
				IPHONEOS_DEPLOYMENT_TARGET = 18.2;
				MARKETING_VERSION = 1.0;
				PRODUCT_BUNDLE_IDENTIFIER = com.dharmamithra.CICDTests;
				PRODUCT_NAME = "$(TARGET_NAME)";
				SWIFT_EMIT_LOC_STRINGS = NO;
				SWIFT_VERSION = 5.0;
				TARGETED_DEVICE_FAMILY = "1,2";
				TEST_HOST = "$(BUILT_PRODUCTS_DIR)/CICD.app/$(BUNDLE_EXECUTABLE_FOLDER_PATH)/CICD";
			};
			name = Release;
		};
		0064EA8C2D44290F007B71FC /* Debug */ = {
			isa = XCBuildConfiguration;
			buildSettings = {
				CODE_SIGN_STYLE = Automatic;
				CURRENT_PROJECT_VERSION = 1;
				DEVELOPMENT_TEAM = AZ7377FV92;
				GENERATE_INFOPLIST_FILE = YES;
				MARKETING_VERSION = 1.0;
				PRODUCT_BUNDLE_IDENTIFIER = com.dharmamithra.CICDUITests;
				PRODUCT_NAME = "$(TARGET_NAME)";
				SWIFT_EMIT_LOC_STRINGS = NO;
				SWIFT_VERSION = 5.0;
				TARGETED_DEVICE_FAMILY = "1,2";
				TEST_TARGET_NAME = CICD;
			};
			name = Debug;
		};
		0064EA8D2D44290F007B71FC /* Release */ = {
			isa = XCBuildConfiguration;
			buildSettings = {
				CODE_SIGN_STYLE = Automatic;
				CURRENT_PROJECT_VERSION = 1;
				DEVELOPMENT_TEAM = AZ7377FV92;
				GENERATE_INFOPLIST_FILE = YES;
				MARKETING_VERSION = 1.0;
				PRODUCT_BUNDLE_IDENTIFIER = com.dharmamithra.CICDUITests;
				PRODUCT_NAME = "$(TARGET_NAME)";
				SWIFT_EMIT_LOC_STRINGS = NO;
				SWIFT_VERSION = 5.0;
				TARGETED_DEVICE_FAMILY = "1,2";
				TEST_TARGET_NAME = CICD;
			};
			name = Release;
		};
/* End XCBuildConfiguration section */

/* Begin XCConfigurationList section */
		0064EA552D44290D007B71FC /* Build configuration list for PBXProject "CICD" */ = {
			isa = XCConfigurationList;
			buildConfigurations = (
				0064EA862D44290F007B71FC /* Debug */,
				0064EA872D44290F007B71FC /* Release */,
			);
			defaultConfigurationIsVisible = 0;
			defaultConfigurationName = Release;
		};
		0064EA832D44290F007B71FC /* Build configuration list for PBXNativeTarget "CICD" */ = {
			isa = XCConfigurationList;
			buildConfigurations = (
				0064EA842D44290F007B71FC /* Debug */,
				0064EA852D44290F007B71FC /* Release */,
			);
			defaultConfigurationIsVisible = 0;
			defaultConfigurationName = Release;
		};
		0064EA882D44290F007B71FC /* Build configuration list for PBXNativeTarget "CICDTests" */ = {
			isa = XCConfigurationList;
			buildConfigurations = (
				0064EA892D44290F007B71FC /* Debug */,
				0064EA8A2D44290F007B71FC /* Release */,
			);
			defaultConfigurationIsVisible = 0;
			defaultConfigurationName = Release;
		};
		0064EA8B2D44290F007B71FC /* Build configuration list for PBXNativeTarget "CICDUITests" */ = {
			isa = XCConfigurationList;
			buildConfigurations = (
				0064EA8C2D44290F007B71FC /* Debug */,
				0064EA8D2D44290F007B71FC /* Release */,
			);
			defaultConfigurationIsVisible = 0;
			defaultConfigurationName = Release;
		};
/* End XCConfigurationList section */
	};
	rootObject = 0064EA522D44290D007B71FC /* Project object */;
}
